
Microsoft Visual Studio Solution File, Format Version 12.00
# Visual Studio Version 17
VisualStudioVersion = 17.13.35806.99
MinimumVisualStudioVersion = 10.0.40219.1
Project("{FAE04EC0-301F-11D3-BF4B-00C04F79EFBC}") = "CurrencyConverter", "CurrencyConverter\CurrencyConverter.csproj", "{25323098-2556-49BC-9C27-D3566E123EA9}"
EndProject
Project("{FAE04EC0-301F-11D3-BF4B-00C04F79EFBC}") = "UnitTests", "UnitTests\UnitTests.csproj", "{5D3F0555-DD06-4E16-BA9A-3744F8C2AF0E}"
EndProject
Global
	GlobalSection(SolutionConfigurationPlatforms) = preSolution
		Debug|Any CPU = Debug|Any CPU
		Release|Any CPU = Release|Any CPU
	EndGlobalSection
	GlobalSection(ProjectConfigurationPlatforms) = postSolution
		{25323098-2556-49BC-9C27-D3566E123EA9}.Debug|Any CPU.ActiveCfg = Debug|Any CPU
		{25323098-2556-49BC-9C27-D3566E123EA9}.Debug|Any CPU.Build.0 = Debug|Any CPU
		{25323098-2556-49BC-9C27-D3566E123EA9}.Release|Any CPU.ActiveCfg = Release|Any CPU
		{25323098-2556-49BC-9C27-D3566E123EA9}.Release|Any CPU.Build.0 = Release|Any CPU
		{5D3F0555-DD06-4E16-BA9A-3744F8C2AF0E}.Debug|Any CPU.ActiveCfg = Debug|Any CPU
		{5D3F0555-DD06-4E16-BA9A-3744F8C2AF0E}.Debug|Any CPU.Build.0 = Debug|Any CPU
		{5D3F0555-DD06-4E16-BA9A-3744F8C2AF0E}.Release|Any CPU.ActiveCfg = Release|Any CPU
		{5D3F0555-DD06-4E16-BA9A-3744F8C2AF0E}.Release|Any CPU.Build.0 = Release|Any CPU
	EndGlobalSection
	GlobalSection(SolutionProperties) = preSolution
		HideSolutionNode = FALSE
	EndGlobalSection
	GlobalSection(ExtensibilityGlobals) = postSolution
		SolutionGuid = {6FD930BF-3D0D-45D9-8314-AEC5248C7886}
	EndGlobalSection
EndGlobal
